
Microsoft Visual Studio Solution File, Format Version 12.00
# Visual Studio 15
Project("{FAE04EC0-301F-11D3-BF4B-00C04F79EFBC}") = "Assembly-CSharp", "Assembly-CSharp.csproj", "{E602FB60-1B11-AB89-B041-27CDE9C9D567}"
EndProject
Global
	GlobalSection(SolutionConfigurationPlatforms) = preSolution
		Debug|Any CPU = Debug|Any CPU
		Release|Any CPU = Release|Any CPU
	EndGlobalSection
	GlobalSection(ProjectConfigurationPlatforms) = postSolution
		{E602FB60-1B11-AB89-B041-27CDE9C9D567}.Debug|Any CPU.ActiveCfg = Debug|Any CPU
		{E602FB60-1B11-AB89-B041-27CDE9C9D567}.Debug|Any CPU.Build.0 = Debug|Any CPU
		{E602FB60-1B11-AB89-B041-27CDE9C9D567}.Release|Any CPU.ActiveCfg = Release|Any CPU
		{E602FB60-1B11-AB89-B041-27CDE9C9D567}.Release|Any CPU.Build.0 = Release|Any CPU
	EndGlobalSection
	GlobalSection(SolutionProperties) = preSolution
		HideSolutionNode = FALSE
	EndGlobalSection
EndGlobal
